Microsoft Visual Studio Solution File, Format Version 12.00
# Visual Studio Version 17
VisualStudioVersion = 17.8.34309.116
MinimumVisualStudioVersion = 10.0.40219.1
Project("{FAE04EC0-301F-11D3-BF4B-00C04F79EFBC}") = "ConfigurationManager", "ConfigurationManager\ConfigurationManager.csproj", "{22EDD399-1CC6-47C8-B8B8-A95FF2999901}"
EndProject
Project("{2150E333-8FDC-42A3-9474-1A3956D46DE8}") = "_Solution", "_Solution", "{F28F879D-0FA8-488C-A696-BDCCD27099B9}"
	ProjectSection(SolutionItems) = preProject
		Directory.Build.props = Directory.Build.props
		README.md = README.md
		ConfigurationManagerAttributes.cs = ConfigurationManagerAttributes.cs
	EndProjectSection
EndProject
Project("{D954291E-2A0B-460D-934E-DC6B0785DB48}") = "ConfigurationManager.Shared", "ConfigurationManager.Shared\ConfigurationManager.Shared.shproj", "{28E965B5-225F-4AD4-938F-2D6F8C20C73F}"
EndProject
Global
	GlobalSection(SolutionConfigurationPlatforms) = preSolution
		Debug|Any CPU = Debug|Any CPU
		Release|Any CPU = Release|Any CPU
	EndGlobalSection
	GlobalSection(ProjectConfigurationPlatforms) = postSolution
		{22EDD399-1CC6-47C8-B8B8-A95FF2999901}.Debug|Any CPU.ActiveCfg = Debug|Any CPU
		{22EDD399-1CC6-47C8-B8B8-A95FF2999901}.Debug|Any CPU.Build.0 = Debug|Any CPU
		{22EDD399-1CC6-47C8-B8B8-A95FF2999901}.Release|Any CPU.ActiveCfg = Release|Any CPU
		{22EDD399-1CC6-47C8-B8B8-A95FF2999901}.Release|Any CPU.Build.0 = Release|Any CPU
	EndGlobalSection
	GlobalSection(SolutionProperties) = preSolution
		HideSolutionNode = FALSE
	EndGlobalSection
	GlobalSection(ExtensibilityGlobals) = postSolution
		SolutionGuid = {C09747C2-9F25-47B1-946B-C6C6669A528F}
	EndGlobalSection
	GlobalSection(SharedMSBuildProjectFiles) = preSolution
		ConfigurationManager.Shared\ConfigurationManager.Shared.projitems*{22edd399-1cc6-47c8-b8b8-a95ff2999901}*SharedItemsImports = 5
		ConfigurationManager.Shared\ConfigurationManager.Shared.projitems*{28e965b5-225f-4ad4-938F-2D6F8C20C73F}*SharedItemsImports = 13
	EndGlobalSection
EndGlobal